
Microsoft Visual Studio Solution File, Format Version 12.00
# Visual Studio Version 17
VisualStudioVersion = 17.2.32630.192
MinimumVisualStudioVersion = 10.0.40219.1
Project("{FAE04EC0-301F-11D3-BF4B-00C04F79EFBC}") = "EmployeeDetails", "EmployeeDetails.csproj", "{9FFD1B24-085E-4AA7-99CA-4D73505F5E90}"
EndProject
Global
	GlobalSection(SolutionConfigurationPlatforms) = preSolution
		Debug|Any CPU = Debug|Any CPU
		Release|Any CPU = Release|Any CPU
	EndGlobalSection
	GlobalSection(ProjectConfigurationPlatforms) = postSolution
		{9FFD1B24-085E-4AA7-99CA-4D73505F5E90}.Debug|Any CPU.ActiveCfg = Debug|Any CPU
		{9FFD1B24-085E-4AA7-99CA-4D73505F5E90}.Debug|Any CPU.Build.0 = Debug|Any CPU
		{9FFD1B24-085E-4AA7-99CA-4D73505F5E90}.Release|Any CPU.ActiveCfg = Release|Any CPU
		{9FFD1B24-085E-4AA7-99CA-4D73505F5E90}.Release|Any CPU.Build.0 = Release|Any CPU
	EndGlobalSection
	GlobalSection(SolutionProperties) = preSolution
		HideSolutionNode = FALSE
	EndGlobalSection
	GlobalSection(ExtensibilityGlobals) = postSolution
		SolutionGuid = {F56BEA69-1317-4DA3-BC05-70D9AB34C9E2}
	EndGlobalSection
EndGlobal
